
Microsoft Visual Studio Solution File, Format Version 12.00
# Visual Studio Version 16
VisualStudioVersion = 16.0.32126.315
MinimumVisualStudioVersion = 10.0.40219.1
Project("{8BC9CEB8-8B4A-11D0-8D11-00A0C91BC942}") = "EARNServerApp", "EARNServerApp\EARNServerApp.vcxproj", "{FC5151E9-56CF-4300-9212-9957799A63E4}"
	ProjectSection(ProjectDependencies) = postProject
		{5A6EE3AE-C2AA-4ACB-937B-E694C2F74286} = {5A6EE3AE-C2AA-4ACB-937B-E694C2F74286}
	EndProjectSection
EndProject
Project("{8BC9CEB8-8B4A-11D0-8D11-00A0C91BC942}") = "EARNServerApp.Tests", "EARNServerApp.Tests\EARNServerApp.Tests.vcxproj", "{F0861606-B687-4B48-B152-B74208B2EC31}"
	ProjectSection(ProjectDependencies) = postProject
		{5A6EE3AE-C2AA-4ACB-937B-E694C2F74286} = {5A6EE3AE-C2AA-4ACB-937B-E694C2F74286}
	EndProjectSection
EndProject
Project("{8BC9CEB8-8B4A-11D0-8D11-00A0C91BC942}") = "EARNNetworkAPI", "EARNNetworkAPI\EARNNetworkAPI.vcxproj", "{5A6EE3AE-C2AA-4ACB-937B-E694C2F74286}"
EndProject
Project("{8BC9CEB8-8B4A-11D0-8D11-00A0C91BC942}") = "EARNNetworkAPI.Tests", "EARNNetworkAPI.Tests\EARNNetworkAPI.Tests.vcxproj", "{D4DD9A2C-E7E5-4FDC-9BDC-DF0530A3E9AB}"
EndProject
Project("{8BC9CEB8-8B4A-11D0-8D11-00A0C91BC942}") = "EARNClientApp.Tests", "EARNClientApp.Tests\EARNClientApp.Tests.vcxproj", "{4FC81E77-2C25-4955-B9CD-339EE80F52AC}"
	ProjectSection(ProjectDependencies) = postProject
		{5A6EE3AE-C2AA-4ACB-937B-E694C2F74286} = {5A6EE3AE-C2AA-4ACB-937B-E694C2F74286}
	EndProjectSection
EndProject
Project("{2150E333-8FDC-42A3-9474-1A3956D46DE8}") = "ClientApp", "ClientApp", "{1CF27122-C5A1-4177-B343-CC58880EE316}"
	ProjectSection(SolutionItems) = preProject
		EARNClientApp\clientapp.cpp = EARNClientApp\clientapp.cpp
		EARNClientApp\clientapp.h = EARNClientApp\clientapp.h
		EARNClientApp\clientapp.ui = EARNClientApp\clientapp.ui
		EARNClientApp\EARNClientApp.pro = EARNClientApp\EARNClientApp.pro
		EARNClientApp\main.cpp = EARNClientApp\main.cpp
	EndProjectSection
EndProject
Project("{8BC9CEB8-8B4A-11D0-8D11-00A0C91BC942}") = "EARNClientTerminal", "EARNClientTerminal\EARNClientTerminal.vcxproj", "{FC74DD92-31FC-49E7-9557-D115C0E1996C}"
	ProjectSection(ProjectDependencies) = postProject
		{5A6EE3AE-C2AA-4ACB-937B-E694C2F74286} = {5A6EE3AE-C2AA-4ACB-937B-E694C2F74286}
	EndProjectSection
EndProject
Global
	GlobalSection(SolutionConfigurationPlatforms) = preSolution
		Debug|x64 = Debug|x64
		Debug|x86 = Debug|x86
		Release|x64 = Release|x64
		Release|x86 = Release|x86
	EndGlobalSection
	GlobalSection(ProjectConfigurationPlatforms) = postSolution
		{FC5151E9-56CF-4300-9212-9957799A63E4}.Debug|x64.ActiveCfg = Debug|x64
		{FC5151E9-56CF-4300-9212-9957799A63E4}.Debug|x64.Build.0 = Debug|x64
		{FC5151E9-56CF-4300-9212-9957799A63E4}.Debug|x86.ActiveCfg = Debug|Win32
		{FC5151E9-56CF-4300-9212-9957799A63E4}.Debug|x86.Build.0 = Debug|Win32
		{FC5151E9-56CF-4300-9212-9957799A63E4}.Release|x64.ActiveCfg = Release|x64
		{FC5151E9-56CF-4300-9212-9957799A63E4}.Release|x64.Build.0 = Release|x64
		{FC5151E9-56CF-4300-9212-9957799A63E4}.Release|x86.ActiveCfg = Release|Win32
		{FC5151E9-56CF-4300-9212-9957799A63E4}.Release|x86.Build.0 = Release|Win32
		{F0861606-B687-4B48-B152-B74208B2EC31}.Debug|x64.ActiveCfg = Debug|x64
		{F0861606-B687-4B48-B152-B74208B2EC31}.Debug|x64.Build.0 = Debug|x64
		{F0861606-B687-4B48-B152-B74208B2EC31}.Debug|x86.ActiveCfg = Debug|Win32
		{F0861606-B687-4B48-B152-B74208B2EC31}.Debug|x86.Build.0 = Debug|Win32
		{F0861606-B687-4B48-B152-B74208B2EC31}.Release|x64.ActiveCfg = Release|x64
		{F0861606-B687-4B48-B152-B74208B2EC31}.Release|x64.Build.0 = Release|x64
		{F0861606-B687-4B48-B152-B74208B2EC31}.Release|x86.ActiveCfg = Release|Win32
		{F0861606-B687-4B48-B152-B74208B2EC31}.Release|x86.Build.0 = Release|Win32
		{5A6EE3AE-C2AA-4ACB-937B-E694C2F74286}.Debug|x64.ActiveCfg = Debug|x64
		{5A6EE3AE-C2AA-4ACB-937B-E694C2F74286}.Debug|x64.Build.0 = Debug|x64
		{5A6EE3AE-C2AA-4ACB-937B-E694C2F74286}.Debug|x86.ActiveCfg = Debug|Win32
		{5A6EE3AE-C2AA-4ACB-937B-E694C2F74286}.Debug|x86.Build.0 = Debug|Win32
		{5A6EE3AE-C2AA-4ACB-937B-E694C2F74286}.Release|x64.ActiveCfg = Release|x64
		{5A6EE3AE-C2AA-4ACB-937B-E694C2F74286}.Release|x64.Build.0 = Release|x64
		{5A6EE3AE-C2AA-4ACB-937B-E694C2F74286}.Release|x86.ActiveCfg = Release|Win32
		{5A6EE3AE-C2AA-4ACB-937B-E694C2F74286}.Release|x86.Build.0 = Release|Win32
		{D4DD9A2C-E7E5-4FDC-9BDC-DF0530A3E9AB}.Debug|x64.ActiveCfg = Debug|x64
		{D4DD9A2C-E7E5-4FDC-9BDC-DF0530A3E9AB}.Debug|x64.Build.0 = Debug|x64
		{D4DD9A2C-E7E5-4FDC-9BDC-DF0530A3E9AB}.Debug|x86.ActiveCfg = Debug|Win32
		{D4DD9A2C-E7E5-4FDC-9BDC-DF0530A3E9AB}.Debug|x86.Build.0 = Debug|Win32
		{D4DD9A2C-E7E5-4FDC-9BDC-DF0530A3E9AB}.Release|x64.ActiveCfg = Release|x64
		{D4DD9A2C-E7E5-4FDC-9BDC-DF0530A3E9AB}.Release|x64.Build.0 = Release|x64
		{D4DD9A2C-E7E5-4FDC-9BDC-DF0530A3E9AB}.Release|x86.ActiveCfg = Release|Win32
		{D4DD9A2C-E7E5-4FDC-9BDC-DF0530A3E9AB}.Release|x86.Build.0 = Release|Win32
		{4FC81E77-2C25-4955-B9CD-339EE80F52AC}.Debug|x64.ActiveCfg = Debug|x64
		{4FC81E77-2C25-4955-B9CD-339EE80F52AC}.Debug|x64.Build.0 = Debug|x64
		{4FC81E77-2C25-4955-B9CD-339EE80F52AC}.Debug|x86.ActiveCfg = Debug|Win32
		{4FC81E77-2C25-4955-B9CD-339EE80F52AC}.Debug|x86.Build.0 = Debug|Win32
		{4FC81E77-2C25-4955-B9CD-339EE80F52AC}.Release|x64.ActiveCfg = Release|x64
		{4FC81E77-2C25-4955-B9CD-339EE80F52AC}.Release|x64.Build.0 = Release|x64
		{4FC81E77-2C25-4955-B9CD-339EE80F52AC}.Release|x86.ActiveCfg = Release|Win32
		{4FC81E77-2C25-4955-B9CD-339EE80F52AC}.Release|x86.Build.0 = Release|Win32
		{FC74DD92-31FC-49E7-9557-D115C0E1996C}.Debug|x64.ActiveCfg = Debug|x64
		{FC74DD92-31FC-49E7-9557-D115C0E1996C}.Debug|x64.Build.0 = Debug|x64
		{FC74DD92-31FC-49E7-9557-D115C0E1996C}.Debug|x86.ActiveCfg = Debug|Win32
		{FC74DD92-31FC-49E7-9557-D115C0E1996C}.Debug|x86.Build.0 = Debug|Win32
		{FC74DD92-31FC-49E7-9557-D115C0E1996C}.Release|x64.ActiveCfg = Release|x64
		{FC74DD92-31FC-49E7-9557-D115C0E1996C}.Release|x64.Build.0 = Release|x64
		{FC74DD92-31FC-49E7-9557-D115C0E1996C}.Release|x86.ActiveCfg = Release|Win32
		{FC74DD92-31FC-49E7-9557-D115C0E1996C}.Release|x86.Build.0 = Release|Win32
	EndGlobalSection
	GlobalSection(SolutionProperties) = preSolution
		HideSolutionNode = FALSE
	EndGlobalSection
	GlobalSection(ExtensibilityGlobals) = postSolution
		SolutionGuid = {A48EED3E-2BA8-4B17-AF2A-B86997DBE75C}
	EndGlobalSection
EndGlobal
